{
  "requires": true,
  "lockfileVersion": 1,
  "dependencies": {
    "@actions/core": {
      "version": "1.2.2",
      "resolved": "https://registry.npmjs.org/@actions/core/-/core-1.2.2.tgz",
      "integrity": "sha512-IbCx7oefq+Gi6FWbSs2Fnw8VkEI6Y4gvjrYprY3RV//ksq/KPMlClOerJ4jRosyal6zkUIc8R9fS/cpRMlGClg=="
    },
    "fs": {
      "version": "0.0.1-security",
      "resolved": "https://registry.npmjs.org/fs/-/fs-0.0.1-security.tgz",
      "integrity": "sha1-invTcYa23d84E/I4WLV+yq9eQdQ="
    },
    "lodash": {
      "version": "4.17.15",
      "resolved": "https://registry.npmjs.org/lodash/-/lodash-4.17.15.tgz",
      "integrity": "sha512-8xOcRHvCjnocdS5cpwXQXVzmmh5e5+saE2QGoeQmbKmRS6J3VQppPOIt0MnmE+4xlZoumy0GPG0D0MVIQbNA1A=="
    },
    "node-fetch": {
      "version": "2.6.0",
      "resolved": "https://registry.npmjs.org/node-fetch/-/node-fetch-2.6.0.tgz",
      "integrity": "sha512-8dG4H5ujfvFiqDmVu9fQ5bOHUC15JMjMY/Zumv26oOvvVJjM67KF8koCWIabKQ1GJIa9r2mMZscBq/TbdOcmNA=="
    }
  }
}
